Microsoft Visual Studio Solution File, Format Version 12.00
# Visual Studio Version 17
VisualStudioVersion = 17.5.2.0
MinimumVisualStudioVersion = 10.0.40219.1
Project("{2150E333-8FDC-42A3-9474-1A3956D46DE8}") = "ShogiShop", "ShogiShop", "{24AE37BD-D4FF-1E6E-B969-89647A54C71D}"
EndProject
Project("{FAE04EC0-301F-11D3-BF4B-00C04F79EFBC}") = "ShogiShop", "ShogiShop\ShogiShop\ShogiShop.csproj", "{ADD22D54-2F39-0C6B-8CAE-391475944129}"
EndProject
Global
	GlobalSection(SolutionConfigurationPlatforms) = preSolution
		Debug|Any CPU = Debug|Any CPU
		Release|Any CPU = Release|Any CPU
	EndGlobalSection
	GlobalSection(ProjectConfigurationPlatforms) = postSolution
		{ADD22D54-2F39-0C6B-8CAE-391475944129}.Debug|Any CPU.ActiveCfg = Debug|Any CPU
		{ADD22D54-2F39-0C6B-8CAE-391475944129}.Debug|Any CPU.Build.0 = Debug|Any CPU
		{ADD22D54-2F39-0C6B-8CAE-391475944129}.Release|Any CPU.ActiveCfg = Release|Any CPU
		{ADD22D54-2F39-0C6B-8CAE-391475944129}.Release|Any CPU.Build.0 = Release|Any CPU
	EndGlobalSection
	GlobalSection(SolutionProperties) = preSolution
		HideSolutionNode = FALSE
	EndGlobalSection
	GlobalSection(NestedProjects) = preSolution
		{ADD22D54-2F39-0C6B-8CAE-391475944129} = {24AE37BD-D4FF-1E6E-B969-89647A54C71D}
	EndGlobalSection
	GlobalSection(ExtensibilityGlobals) = postSolution
		SolutionGuid = {910134BD-2F84-4C34-9983-D58DD4BC22AF}
	EndGlobalSection
EndGlobal
